
Microsoft Visual Studio Solution File, Format Version 12.00
# Visual Studio Version 16
VisualStudioVersion = 16.0.31410.357
MinimumVisualStudioVersion = 10.0.40219.1
Project("{FAE04EC0-301F-11D3-BF4B-00C04F79EFBC}") = "NavMessageCloser", "NavMessageCloser\NavMessageCloser.csproj", "{C336A872-8A08-4ED3-95D1-FB339AB145FA}"
EndProject
Global
	GlobalSection(SolutionConfigurationPlatforms) = preSolution
		Debug|Any CPU = Debug|Any CPU
		Debug|x86 = Debug|x86
		Release|Any CPU = Release|Any CPU
		Release|x86 = Release|x86
	EndGlobalSection
	GlobalSection(ProjectConfigurationPlatforms) = postSolution
		{C336A872-8A08-4ED3-95D1-FB339AB145FA}.Debug|Any CPU.ActiveCfg = Debug|Any CPU
		{C336A872-8A08-4ED3-95D1-FB339AB145FA}.Debug|Any CPU.Build.0 = Debug|Any CPU
		{C336A872-8A08-4ED3-95D1-FB339AB145FA}.Debug|x86.ActiveCfg = Debug|x86
		{C336A872-8A08-4ED3-95D1-FB339AB145FA}.Debug|x86.Build.0 = Debug|x86
		{C336A872-8A08-4ED3-95D1-FB339AB145FA}.Release|Any CPU.ActiveCfg = Release|Any CPU
		{C336A872-8A08-4ED3-95D1-FB339AB145FA}.Release|Any CPU.Build.0 = Release|Any CPU
		{C336A872-8A08-4ED3-95D1-FB339AB145FA}.Release|x86.ActiveCfg = Release|x86
		{C336A872-8A08-4ED3-95D1-FB339AB145FA}.Release|x86.Build.0 = Release|x86
	EndGlobalSection
	GlobalSection(SolutionProperties) = preSolution
		HideSolutionNode = FALSE
	EndGlobalSection
	GlobalSection(ExtensibilityGlobals) = postSolution
		SolutionGuid = {C7686BD9-5A4D-4F13-8915-805C66E3ED22}
	EndGlobalSection
EndGlobal
